// !$*UTF8*$!
{
	archiveVersion = 1;
	classes = {
	};
	objectVersion = 50;
	objects = {

/* Begin PBXBuildFile section */
		4F1B7F212415351A00F17BF6 /* currencies.json in Resources */ = {isa = PBXBuildFile; fileRef = 4F1B7F202415351A00F17BF6 /* currencies.json */; };
		4F1B7F232415363E00F17BF6 /* ERArrayFromFileManager.swift in Sources */ = {isa = PBXBuildFile; fileRef = 4F1B7F222415363E00F17BF6 /* ERArrayFromFileManager.swift */; };
		4F1B7F252415376C00F17BF6 /* ERLocalFileService.swift in Sources */ = {isa = PBXBuildFile; fileRef = 4F1B7F242415376C00F17BF6 /* ERLocalFileService.swift */; };
		4F1B7F2824157AA900F17BF6 /* ERCurrencyUtils.swift in Sources */ = {isa = PBXBuildFile; fileRef = 4F1B7F2724157AA900F17BF6 /* ERCurrencyUtils.swift */; };
		4F1B7F2A24173F4600F17BF6 /* ERExchangeListViewController.swift in Sources */ = {isa = PBXBuildFile; fileRef = 4F1B7F2924173F4600F17BF6 /* ERExchangeListViewController.swift */; };
		4F1B7F2C24188A7900F17BF6 /* ERExchangeTableViewCell.swift in Sources */ = {isa = PBXBuildFile; fileRef = 4F1B7F2B24188A7900F17BF6 /* ERExchangeTableViewCell.swift */; };
		4F1B7F2E24199C8600F17BF6 /* ERCurrencyExchangeManager.swift in Sources */ = {isa = PBXBuildFile; fileRef = 4F1B7F2D24199C8600F17BF6 /* ERCurrencyExchangeManager.swift */; };
		4F1B7F3024199DEA00F17BF6 /* ERCurrencyExchangeService.swift in Sources */ = {isa = PBXBuildFile; fileRef = 4F1B7F2F24199DEA00F17BF6 /* ERCurrencyExchangeService.swift */; };
		4F1B7F32241BC4D400F17BF6 /* ERExchangeModel.swift in Sources */ = {isa = PBXBuildFile; fileRef = 4F1B7F31241BC4D400F17BF6 /* ERExchangeModel.swift */; };
		4F1B7F34241D0F2C00F17BF6 /* ERCurrenciesViewControllerTests.swift in Sources */ = {isa = PBXBuildFile; fileRef = 4F1B7F33241D0F2C00F17BF6 /* ERCurrenciesViewControllerTests.swift */; };
		4F1B7F36241D175F00F17BF6 /* ERExchangeListViewControllerTests.swift in Sources */ = {isa = PBXBuildFile; fileRef = 4F1B7F35241D175F00F17BF6 /* ERExchangeListViewControllerTests.swift */; };
		4F1B7F38241D1AD200F17BF6 /* ERServiceUtils.swift in Sources */ = {isa = PBXBuildFile; fileRef = 4F1B7F37241D1AD100F17BF6 /* ERServiceUtils.swift */; };
		4F1B7F3A241D1CEF00F17BF6 /* ERConstants.swift in Sources */ = {isa = PBXBuildFile; fileRef = 4F1B7F39241D1CEF00F17BF6 /* ERConstants.swift */; };
		4F1B7F43241D6C1A00F17BF6 /* ERExchangeModelTests.swift in Sources */ = {isa = PBXBuildFile; fileRef = 4F1B7F42241D6C1A00F17BF6 /* ERExchangeModelTests.swift */; };
		4F3A038E24229B5D004AC44E /* ERUserDefaultsUtils.swift in Sources */ = {isa = PBXBuildFile; fileRef = 4F3A038D24229B5D004AC44E /* ERUserDefaultsUtils.swift */; };
		4F770A4E2413D825004BC9C1 /* AppDelegate.swift in Sources */ = {isa = PBXBuildFile; fileRef = 4F770A4D2413D825004BC9C1 /* AppDelegate.swift */; };
		4F770A552413D825004BC9C1 /* Main.storyboard in Resources */ = {isa = PBXBuildFile; fileRef = 4F770A532413D825004BC9C1 /* Main.storyboard */; };
		4F770A572413D82A004BC9C1 /* Assets.xcassets in Resources */ = {isa = PBXBuildFile; fileRef = 4F770A562413D82A004BC9C1 /* Assets.xcassets */; };
		4F770A5A2413D82A004BC9C1 /* LaunchScreen.storyboard in Resources */ = {isa = PBXBuildFile; fileRef = 4F770A582413D82A004BC9C1 /* LaunchScreen.storyboard */; };
		4F770A742413D931004BC9C1 /* ERInitialViewController.swift in Sources */ = {isa = PBXBuildFile; fileRef = 4F770A732413D931004BC9C1 /* ERInitialViewController.swift */; };
		4F770A7624152D3E004BC9C1 /* ERCurrenciesViewController.swift in Sources */ = {isa = PBXBuildFile; fileRef = 4F770A7524152D3E004BC9C1 /* ERCurrenciesViewController.swift */; };
		4F770A7924152EC7004BC9C1 /* ERCurrencyTableViewCell.swift in Sources */ = {isa = PBXBuildFile; fileRef = 4F770A7824152EC7004BC9C1 /* ERCurrencyTableViewCell.swift */; };
		4FA562AC241DB5B800BF1926 /* ERSpinner.swift in Sources */ = {isa = PBXBuildFile; fileRef = 4FA562AB241DB5B800BF1926 /* ERSpinner.swift */; };
		4FA562AE241E672700BF1926 /* ERLocalFileServiceTests.swift in Sources */ = {isa = PBXBuildFile; fileRef = 4FA562AD241E672700BF1926 /* ERLocalFileServiceTests.swift */; };
		4FA562B0241E7C5F00BF1926 /* ERCurrencyExchangeServiceTests.swift in Sources */ = {isa = PBXBuildFile; fileRef = 4FA562AF241E7C5F00BF1926 /* ERCurrencyExchangeServiceTests.swift */; };
/* End PBXBuildFile section */

/* Begin PBXContainerItemProxy section */
		4F770A612413D82A004BC9C1 /* PBXContainerItemProxy */ = {
			isa = PBXContainerItemProxy;
			containerPortal = 4F770A422413D825004BC9C1 /* Project object */;
			proxyType = 1;
			remoteGlobalIDString = 4F770A492413D825004BC9C1;
			remoteInfo = ExchangeRates;
		};
/* End PBXContainerItemProxy section */

/* Begin PBXFileReference section */
		4F1B7F202415351A00F17BF6 /* currencies.json */ = {isa = PBXFileReference; fileEncoding = 4; lastKnownFileType = text.json; path = currencies.json; sourceTree = "<group>"; };
		4F1B7F222415363E00F17BF6 /* ERArrayFromFileManager.swift */ = {isa = PBXFileReference; lastKnownFileType = sourcecode.swift; path = ERArrayFromFileManager.swift; sourceTree = "<group>"; };
		4F1B7F242415376C00F17BF6 /* ERLocalFileService.swift */ = {isa = PBXFileReference; lastKnownFileType = sourcecode.swift; path = ERLocalFileService.swift; sourceTree = "<group>"; };
		4F1B7F2724157AA900F17BF6 /* ERCurrencyUtils.swift */ = {isa = PBXFileReference; lastKnownFileType = sourcecode.swift; path = ERCurrencyUtils.swift; sourceTree = "<group>"; };
		4F1B7F2924173F4600F17BF6 /* ERExchangeListViewController.swift */ = {isa = PBXFileReference; lastKnownFileType = sourcecode.swift; path = ERExchangeListViewController.swift; sourceTree = "<group>"; };
		4F1B7F2B24188A7900F17BF6 /* ERExchangeTableViewCell.swift */ = {isa = PBXFileReference; lastKnownFileType = sourcecode.swift; path = ERExchangeTableViewCell.swift; sourceTree = "<group>"; };
		4F1B7F2D24199C8600F17BF6 /* ERCurrencyExchangeManager.swift */ = {isa = PBXFileReference; lastKnownFileType = sourcecode.swift; path = ERCurrencyExchangeManager.swift; sourceTree = "<group>"; };
		4F1B7F2F24199DEA00F17BF6 /* ERCurrencyExchangeService.swift */ = {isa = PBXFileReference; lastKnownFileType = sourcecode.swift; path = ERCurrencyExchangeService.swift; sourceTree = "<group>"; };
		4F1B7F31241BC4D400F17BF6 /* ERExchangeModel.swift */ = {isa = PBXFileReference; lastKnownFileType = sourcecode.swift; path = ERExchangeModel.swift; sourceTree = "<group>"; };
		4F1B7F33241D0F2C00F17BF6 /* ERCurrenciesViewControllerTests.swift */ = {isa = PBXFileReference; lastKnownFileType = sourcecode.swift; path = ERCurrenciesViewControllerTests.swift; sourceTree = "<group>"; };
		4F1B7F35241D175F00F17BF6 /* ERExchangeListViewControllerTests.swift */ = {isa = PBXFileReference; lastKnownFileType = sourcecode.swift; path = ERExchangeListViewControllerTests.swift; sourceTree = "<group>"; };
		4F1B7F37241D1AD100F17BF6 /* ERServiceUtils.swift */ = {isa = PBXFileReference; lastKnownFileType = sourcecode.swift; path = ERServiceUtils.swift; sourceTree = "<group>"; };
		4F1B7F39241D1CEF00F17BF6 /* ERConstants.swift */ = {isa = PBXFileReference; lastKnownFileType = sourcecode.swift; path = ERConstants.swift; sourceTree = "<group>"; };
		4F1B7F42241D6C1A00F17BF6 /* ERExchangeModelTests.swift */ = {isa = PBXFileReference; lastKnownFileType = sourcecode.swift; path = ERExchangeModelTests.swift; sourceTree = "<group>"; };
		4F3A038D24229B5D004AC44E /* ERUserDefaultsUtils.swift */ = {isa = PBXFileReference; lastKnownFileType = sourcecode.swift; path = ERUserDefaultsUtils.swift; sourceTree = "<group>"; };
		4F770A4A2413D825004BC9C1 /* ExchangeRates.app */ = {isa = PBXFileReference; explicitFileType = wrapper.application; includeInIndex = 0; path = ExchangeRates.app; sourceTree = BUILT_PRODUCTS_DIR; };
		4F770A4D2413D825004BC9C1 /* AppDelegate.swift */ = {isa = PBXFileReference; lastKnownFileType = sourcecode.swift; path = AppDelegate.swift; sourceTree = "<group>"; };
		4F770A542413D825004BC9C1 /* Base */ = {isa = PBXFileReference; lastKnownFileType = file.storyboard; name = Base; path = Base.lproj/Main.storyboard; sourceTree = "<group>"; };
		4F770A562413D82A004BC9C1 /* Assets.xcassets */ = {isa = PBXFileReference; lastKnownFileType = folder.assetcatalog; path = Assets.xcassets; sourceTree = "<group>"; };
		4F770A592413D82A004BC9C1 /* Base */ = {isa = PBXFileReference; lastKnownFileType = file.storyboard; name = Base; path = Base.lproj/LaunchScreen.storyboard; sourceTree = "<group>"; };
		4F770A5B2413D82A004BC9C1 /* Info.plist */ = {isa = PBXFileReference; lastKnownFileType = text.plist.xml; path = Info.plist; sourceTree = "<group>"; };
		4F770A602413D82A004BC9C1 /* ExchangeRatesTests.xctest */ = {isa = PBXFileReference; explicitFileType = wrapper.cfbundle; includeInIndex = 0; path = ExchangeRatesTests.xctest; sourceTree = BUILT_PRODUCTS_DIR; };
		4F770A662413D82A004BC9C1 /* Info.plist */ = {isa = PBXFileReference; lastKnownFileType = text.plist.xml; path = Info.plist; sourceTree = "<group>"; };
		4F770A732413D931004BC9C1 /* ERInitialViewController.swift */ = {isa = PBXFileReference; lastKnownFileType = sourcecode.swift; path = ERInitialViewController.swift; sourceTree = "<group>"; };
		4F770A7524152D3E004BC9C1 /* ERCurrenciesViewController.swift */ = {isa = PBXFileReference; lastKnownFileType = sourcecode.swift; path = ERCurrenciesViewController.swift; sourceTree = "<group>"; };
		4F770A7824152EC7004BC9C1 /* ERCurrencyTableViewCell.swift */ = {isa = PBXFileReference; lastKnownFileType = sourcecode.swift; path = ERCurrencyTableViewCell.swift; sourceTree = "<group>"; };
		4FA562AB241DB5B800BF1926 /* ERSpinner.swift */ = {isa = PBXFileReference; lastKnownFileType = sourcecode.swift; path = ERSpinner.swift; sourceTree = "<group>"; };
		4FA562AD241E672700BF1926 /* ERLocalFileServiceTests.swift */ = {isa = PBXFileReference; lastKnownFileType = sourcecode.swift; path = ERLocalFileServiceTests.swift; sourceTree = "<group>"; };
		4FA562AF241E7C5F00BF1926 /* ERCurrencyExchangeServiceTests.swift */ = {isa = PBXFileReference; lastKnownFileType = sourcecode.swift; path = ERCurrencyExchangeServiceTests.swift; sourceTree = "<group>"; };
/* End PBXFileReference section */

/* Begin PBXFrameworksBuildPhase section */
		4F770A472413D825004BC9C1 /* Frameworks */ = {
			isa = PBXFrameworksBuildPhase;
			buildActionMask = 2147483647;
			files = (
			);
			runOnlyForDeploymentPostprocessing = 0;
		};
		4F770A5D2413D82A004BC9C1 /* Frameworks */ = {
			isa = PBXFrameworksBuildPhase;
			buildActionMask = 2147483647;
			files = (
			);
			runOnlyForDeploymentPostprocessing = 0;
		};
/* End PBXFrameworksBuildPhase section */

/* Begin PBXGroup section */
		4F1B7F2624157A8B00F17BF6 /* Utils */ = {
			isa = PBXGroup;
			children = (
				4F1B7F2724157AA900F17BF6 /* ERCurrencyUtils.swift */,
				4F1B7F37241D1AD100F17BF6 /* ERServiceUtils.swift */,
				4F1B7F39241D1CEF00F17BF6 /* ERConstants.swift */,
				4FA562AB241DB5B800BF1926 /* ERSpinner.swift */,
				4F3A038D24229B5D004AC44E /* ERUserDefaultsUtils.swift */,
			);
			path = Utils;
			sourceTree = "<group>";
		};
		4F770A412413D825004BC9C1 = {
			isa = PBXGroup;
			children = (
				4F770A4C2413D825004BC9C1 /* ExchangeRates */,
				4F770A632413D82A004BC9C1 /* ExchangeRatesTests */,
				4F770A4B2413D825004BC9C1 /* Products */,
			);
			sourceTree = "<group>";
		};
		4F770A4B2413D825004BC9C1 /* Products */ = {
			isa = PBXGroup;
			children = (
				4F770A4A2413D825004BC9C1 /* ExchangeRates.app */,
				4F770A602413D82A004BC9C1 /* ExchangeRatesTests.xctest */,
			);
			name = Products;
			sourceTree = "<group>";
		};
		4F770A4C2413D825004BC9C1 /* ExchangeRates */ = {
			isa = PBXGroup;
			children = (
				4F770A6F2413D872004BC9C1 /* Model */,
				4F770A702413D879004BC9C1 /* ViewControllers */,
				4F770A712413D8D9004BC9C1 /* Managers */,
				4F770A722413D8E2004BC9C1 /* Services */,
				4F1B7F2624157A8B00F17BF6 /* Utils */,
				4F770A4D2413D825004BC9C1 /* AppDelegate.swift */,
				4F770A532413D825004BC9C1 /* Main.storyboard */,
				4F770A562413D82A004BC9C1 /* Assets.xcassets */,
				4F770A582413D82A004BC9C1 /* LaunchScreen.storyboard */,
				4F770A5B2413D82A004BC9C1 /* Info.plist */,
				4F1B7F202415351A00F17BF6 /* currencies.json */,
			);
			path = ExchangeRates;
			sourceTree = "<group>";
		};
		4F770A632413D82A004BC9C1 /* ExchangeRatesTests */ = {
			isa = PBXGroup;
			children = (
				4F1B7F33241D0F2C00F17BF6 /* ERCurrenciesViewControllerTests.swift */,
				4F1B7F35241D175F00F17BF6 /* ERExchangeListViewControllerTests.swift */,
				4F1B7F42241D6C1A00F17BF6 /* ERExchangeModelTests.swift */,
				4FA562AD241E672700BF1926 /* ERLocalFileServiceTests.swift */,
				4FA562AF241E7C5F00BF1926 /* ERCurrencyExchangeServiceTests.swift */,
				4F770A662413D82A004BC9C1 /* Info.plist */,
			);
			path = ExchangeRatesTests;
			sourceTree = "<group>";
		};
		4F770A6F2413D872004BC9C1 /* Model */ = {
			isa = PBXGroup;
			children = (
				4F1B7F31241BC4D400F17BF6 /* ERExchangeModel.swift */,
			);
			path = Model;
			sourceTree = "<group>";
		};
		4F770A702413D879004BC9C1 /* ViewControllers */ = {
			isa = PBXGroup;
			children = (
				4F770A7724152DE3004BC9C1 /* Cells */,
				4F770A732413D931004BC9C1 /* ERInitialViewController.swift */,
				4F770A7524152D3E004BC9C1 /* ERCurrenciesViewController.swift */,
				4F1B7F2924173F4600F17BF6 /* ERExchangeListViewController.swift */,
			);
			path = ViewControllers;
			sourceTree = "<group>";
		};
		4F770A712413D8D9004BC9C1 /* Managers */ = {
			isa = PBXGroup;
			children = (
				4F1B7F222415363E00F17BF6 /* ERArrayFromFileManager.swift */,
				4F1B7F2D24199C8600F17BF6 /* ERCurrencyExchangeManager.swift */,
			);
			path = Managers;
			sourceTree = "<group>";
		};
		4F770A722413D8E2004BC9C1 /* Services */ = {
			isa = PBXGroup;
			children = (
				4F1B7F242415376C00F17BF6 /* ERLocalFileService.swift */,
				4F1B7F2F24199DEA00F17BF6 /* ERCurrencyExchangeService.swift */,
			);
			path = Services;
			sourceTree = "<group>";
		};
		4F770A7724152DE3004BC9C1 /* Cells */ = {
			isa = PBXGroup;
			children = (
				4F770A7824152EC7004BC9C1 /* ERCurrencyTableViewCell.swift */,
				4F1B7F2B24188A7900F17BF6 /* ERExchangeTableViewCell.swift */,
			);
			path = Cells;
			sourceTree = "<group>";
		};
/* End PBXGroup section */

/* Begin PBXNativeTarget section */
		4F770A492413D825004BC9C1 /* ExchangeRates */ = {
			isa = PBXNativeTarget;
			buildConfigurationList = 4F770A692413D82A004BC9C1 /* Build configuration list for PBXNativeTarget "ExchangeRates" */;
			buildPhases = (
				4F770A462413D825004BC9C1 /* Sources */,
				4F770A472413D825004BC9C1 /* Frameworks */,
				4F770A482413D825004BC9C1 /* Resources */,
			);
			buildRules = (
			);
			dependencies = (
			);
			name = ExchangeRates;
			productName = ExchangeRates;
			productReference = 4F770A4A2413D825004BC9C1 /* ExchangeRates.app */;
			productType = "com.apple.product-type.application";
		};
		4F770A5F2413D82A004BC9C1 /* ExchangeRatesTests */ = {
			isa = PBXNativeTarget;
			buildConfigurationList = 4F770A6C2413D82A004BC9C1 /* Build configuration list for PBXNativeTarget "ExchangeRatesTests" */;
			buildPhases = (
				4F770A5C2413D82A004BC9C1 /* Sources */,
				4F770A5D2413D82A004BC9C1 /* Frameworks */,
				4F770A5E2413D82A004BC9C1 /* Resources */,
			);
			buildRules = (
			);
			dependencies = (
				4F770A622413D82A004BC9C1 /* PBXTargetDependency */,
			);
			name = ExchangeRatesTests;
			productName = ExchangeRatesTests;
			productReference = 4F770A602413D82A004BC9C1 /* ExchangeRatesTests.xctest */;
			productType = "com.apple.product-type.bundle.unit-test";
		};
/* End PBXNativeTarget section */

/* Begin PBXProject section */
		4F770A422413D825004BC9C1 /* Project object */ = {
			isa = PBXProject;
			attributes = {
				LastSwiftUpdateCheck = 1130;
				LastUpgradeCheck = 1130;
				ORGANIZATIONNAME = Ignacio;
				TargetAttributes = {
					4F770A492413D825004BC9C1 = {
						CreatedOnToolsVersion = 11.3.1;
					};
					4F770A5F2413D82A004BC9C1 = {
						CreatedOnToolsVersion = 11.3.1;
						TestTargetID = 4F770A492413D825004BC9C1;
					};
				};
			};
			buildConfigurationList = 4F770A452413D825004BC9C1 /* Build configuration list for PBXProject "ExchangeRates" */;
			compatibilityVersion = "Xcode 9.3";
			developmentRegion = en;
			hasScannedForEncodings = 0;
			knownRegions = (
				en,
				Base,
			);
			mainGroup = 4F770A412413D825004BC9C1;
			productRefGroup = 4F770A4B2413D825004BC9C1 /* Products */;
			projectDirPath = "";
			projectRoot = "";
			targets = (
				4F770A492413D825004BC9C1 /* ExchangeRates */,
				4F770A5F2413D82A004BC9C1 /* ExchangeRatesTests */,
			);
		};
/* End PBXProject section */

/* Begin PBXResourcesBuildPhase section */
		4F770A482413D825004BC9C1 /* Resources */ = {
			isa = PBXResourcesBuildPhase;
			buildActionMask = 2147483647;
			files = (
				4F770A5A2413D82A004BC9C1 /* LaunchScreen.storyboard in Resources */,
				4F770A572413D82A004BC9C1 /* Assets.xcassets in Resources */,
				4F1B7F212415351A00F17BF6 /* currencies.json in Resources */,
				4F770A552413D825004BC9C1 /* Main.storyboard in Resources */,
			);
			runOnlyForDeploymentPostprocessing = 0;
		};
		4F770A5E2413D82A004BC9C1 /* Resources */ = {
			isa = PBXResourcesBuildPhase;
			buildActionMask = 2147483647;
			files = (
			);
			runOnlyForDeploymentPostprocessing = 0;
		};
/* End PBXResourcesBuildPhase section */

/* Begin PBXSourcesBuildPhase section */
		4F770A462413D825004BC9C1 /* Sources */ = {
			isa = PBXSourcesBuildPhase;
			buildActionMask = 2147483647;
			files = (
				4F1B7F252415376C00F17BF6 /* ERLocalFileService.swift in Sources */,
				4F770A7624152D3E004BC9C1 /* ERCurrenciesViewController.swift in Sources */,
				4F1B7F2A24173F4600F17BF6 /* ERExchangeListViewController.swift in Sources */,
				4F3A038E24229B5D004AC44E /* ERUserDefaultsUtils.swift in Sources */,
				4F1B7F2824157AA900F17BF6 /* ERCurrencyUtils.swift in Sources */,
				4FA562AC241DB5B800BF1926 /* ERSpinner.swift in Sources */,
				4F1B7F3024199DEA00F17BF6 /* ERCurrencyExchangeService.swift in Sources */,
				4F1B7F38241D1AD200F17BF6 /* ERServiceUtils.swift in Sources */,
				4F1B7F2E24199C8600F17BF6 /* ERCurrencyExchangeManager.swift in Sources */,
				4F1B7F232415363E00F17BF6 /* ERArrayFromFileManager.swift in Sources */,
				4F1B7F32241BC4D400F17BF6 /* ERExchangeModel.swift in Sources */,
				4F770A7924152EC7004BC9C1 /* ERCurrencyTableViewCell.swift in Sources */,
				4F770A4E2413D825004BC9C1 /* AppDelegate.swift in Sources */,
				4F770A742413D931004BC9C1 /* ERInitialViewController.swift in Sources */,
				4F1B7F3A241D1CEF00F17BF6 /* ERConstants.swift in Sources */,
				4F1B7F2C24188A7900F17BF6 /* ERExchangeTableViewCell.swift in Sources */,
			);
			runOnlyForDeploymentPostprocessing = 0;
		};
		4F770A5C2413D82A004BC9C1 /* Sources */ = {
			isa = PBXSourcesBuildPhase;
			buildActionMask = 2147483647;
			files = (
				4F1B7F36241D175F00F17BF6 /* ERExchangeListViewControllerTests.swift in Sources */,
				4F1B7F34241D0F2C00F17BF6 /* ERCurrenciesViewControllerTests.swift in Sources */,
				4FA562B0241E7C5F00BF1926 /* ERCurrencyExchangeServiceTests.swift in Sources */,
				4FA562AE241E672700BF1926 /* ERLocalFileServiceTests.swift in Sources */,
				4F1B7F43241D6C1A00F17BF6 /* ERExchangeModelTests.swift in Sources */,
			);
			runOnlyForDeploymentPostprocessing = 0;
		};
/* End PBXSourcesBuildPhase section */

/* Begin PBXTargetDependency section */
		4F770A622413D82A004BC9C1 /* PBXTargetDependency */ = {
			isa = PBXTargetDependency;
			target = 4F770A492413D825004BC9C1 /* ExchangeRates */;
			targetProxy = 4F770A612413D82A004BC9C1 /* PBXContainerItemProxy */;
		};
/* End PBXTargetDependency section */

/* Begin PBXVariantGroup section */
		4F770A532413D825004BC9C1 /* Main.storyboard */ = {
			isa = PBXVariantGroup;
			children = (
				4F770A542413D825004BC9C1 /* Base */,
			);
			name = Main.storyboard;
			sourceTree = "<group>";
		};
		4F770A582413D82A004BC9C1 /* LaunchScreen.storyboard */ = {
			isa = PBXVariantGroup;
			children = (
				4F770A592413D82A004BC9C1 /* Base */,
			);
			name = LaunchScreen.storyboard;
			sourceTree = "<group>";
		};
/* End PBXVariantGroup section */

/* Begin XCBuildConfiguration section */
		4F770A672413D82A004BC9C1 /* Debug */ = {
			isa = XCBuildConfiguration;
			buildSettings = {
				ALWAYS_SEARCH_USER_PATHS = NO;
				CLANG_ANALYZER_NONNULL = YES;
				CLANG_ANALYZER_NUMBER_OBJECT_CONVERSION = YES_AGGRESSIVE;
				CLANG_CXX_LANGUAGE_STANDARD = "gnu++14";
				CLANG_CXX_LIBRARY = "libc++";
				CLANG_ENABLE_MODULES = YES;
				CLANG_ENABLE_OBJC_ARC = YES;
				CLANG_ENABLE_OBJC_WEAK = YES;
				CLANG_WARN_BLOCK_CAPTURE_AUTORELEASING = YES;
				CLANG_WARN_BOOL_CONVERSION = YES;
				CLANG_WARN_COMMA = YES;
				CLANG_WARN_CONSTANT_CONVERSION = YES;
				CLANG_WARN_DEPRECATED_OBJC_IMPLEMENTATIONS = YES;
				CLANG_WARN_DIRECT_OBJC_ISA_USAGE = YES_ERROR;
				CLANG_WARN_DOCUMENTATION_COMMENTS = YES;
				CLANG_WARN_EMPTY_BODY = YES;
				CLANG_WARN_ENUM_CONVERSION = YES;
				CLANG_WARN_INFINITE_RECURSION = YES;
				CLANG_WARN_INT_CONVERSION = YES;
				CLANG_WARN_NON_LITERAL_NULL_CONVERSION = YES;
				CLANG_WARN_OBJC_IMPLICIT_RETAIN_SELF = YES;
				CLANG_WARN_OBJC_LITERAL_CONVERSION = YES;
				CLANG_WARN_OBJC_ROOT_CLASS = YES_ERROR;
				CLANG_WARN_RANGE_LOOP_ANALYSIS = YES;
				CLANG_WARN_STRICT_PROTOTYPES = YES;
				CLANG_WARN_SUSPICIOUS_MOVE = YES;
				CLANG_WARN_UNGUARDED_AVAILABILITY = YES_AGGRESSIVE;
				CLANG_WARN_UNREACHABLE_CODE = YES;
				CLANG_WARN__DUPLICATE_METHOD_MATCH = YES;
				COPY_PHASE_STRIP = NO;
				DEBUG_INFORMATION_FORMAT = dwarf;
				ENABLE_STRICT_OBJC_MSGSEND = YES;
				ENABLE_TESTABILITY = YES;
				GCC_C_LANGUAGE_STANDARD = gnu11;
				GCC_DYNAMIC_NO_PIC = NO;
				GCC_NO_COMMON_BLOCKS = YES;
				GCC_OPTIMIZATION_LEVEL = 0;
				GCC_PREPROCESSOR_DEFINITIONS = (
					"DEBUG=1",
					"$(inherited)",
				);
				GCC_WARN_64_TO_32_BIT_CONVERSION = YES;
				GCC_WARN_ABOUT_RETURN_TYPE = YES_ERROR;
				GCC_WARN_UNDECLARED_SELECTOR = YES;
				GCC_WARN_UNINITIALIZED_AUTOS = YES_AGGRESSIVE;
				GCC_WARN_UNUSED_FUNCTION = YES;
				GCC_WARN_UNUSED_VARIABLE = YES;
				IPHONEOS_DEPLOYMENT_TARGET = 13.2;
				MTL_ENABLE_DEBUG_INFO = INCLUDE_SOURCE;
				MTL_FAST_MATH = YES;
				ONLY_ACTIVE_ARCH = YES;
				SDKROOT = iphoneos;
				SWIFT_ACTIVE_COMPILATION_CONDITIONS = DEBUG;
				SWIFT_OPTIMIZATION_LEVEL = "-Onone";
			};
			name = Debug;
		};
		4F770A682413D82A004BC9C1 /* Release */ = {
			isa = XCBuildConfiguration;
			buildSettings = {
				ALWAYS_SEARCH_USER_PATHS = NO;
				CLANG_ANALYZER_NONNULL = YES;
				CLANG_ANALYZER_NUMBER_OBJECT_CONVERSION = YES_AGGRESSIVE;
				CLANG_CXX_LANGUAGE_STANDARD = "gnu++14";
				CLANG_CXX_LIBRARY = "libc++";
				CLANG_ENABLE_MODULES = YES;
				CLANG_ENABLE_OBJC_ARC = YES;
				CLANG_ENABLE_OBJC_WEAK = YES;
				CLANG_WARN_BLOCK_CAPTURE_AUTORELEASING = YES;
				CLANG_WARN_BOOL_CONVERSION = YES;
				CLANG_WARN_COMMA = YES;
				CLANG_WARN_CONSTANT_CONVERSION = YES;
				CLANG_WARN_DEPRECATED_OBJC_IMPLEMENTATIONS = YES;
				CLANG_WARN_DIRECT_OBJC_ISA_USAGE = YES_ERROR;
				CLANG_WARN_DOCUMENTATION_COMMENTS = YES;
				CLANG_WARN_EMPTY_BODY = YES;
				CLANG_WARN_ENUM_CONVERSION = YES;
				CLANG_WARN_INFINITE_RECURSION = YES;
				CLANG_WARN_INT_CONVERSION = YES;
				CLANG_WARN_NON_LITERAL_NULL_CONVERSION = YES;
				CLANG_WARN_OBJC_IMPLICIT_RETAIN_SELF = YES;
				CLANG_WARN_OBJC_LITERAL_CONVERSION = YES;
				CLANG_WARN_OBJC_ROOT_CLASS = YES_ERROR;
				CLANG_WARN_RANGE_LOOP_ANALYSIS = YES;
				CLANG_WARN_STRICT_PROTOTYPES = YES;
				CLANG_WARN_SUSPICIOUS_MOVE = YES;
				CLANG_WARN_UNGUARDED_AVAILABILITY = YES_AGGRESSIVE;
				CLANG_WARN_UNREACHABLE_CODE = YES;
				CLANG_WARN__DUPLICATE_METHOD_MATCH = YES;
				COPY_PHASE_STRIP = NO;
				DEBUG_INFORMATION_FORMAT = "dwarf-with-dsym";
				ENABLE_NS_ASSERTIONS = NO;
				ENABLE_STRICT_OBJC_MSGSEND = YES;
				GCC_C_LANGUAGE_STANDARD = gnu11;
				GCC_NO_COMMON_BLOCKS = YES;
				GCC_WARN_64_TO_32_BIT_CONVERSION = YES;
				GCC_WARN_ABOUT_RETURN_TYPE = YES_ERROR;
				GCC_WARN_UNDECLARED_SELECTOR = YES;
				GCC_WARN_UNINITIALIZED_AUTOS = YES_AGGRESSIVE;
				GCC_WARN_UNUSED_FUNCTION = YES;
				GCC_WARN_UNUSED_VARIABLE = YES;
				IPHONEOS_DEPLOYMENT_TARGET = 13.2;
				MTL_ENABLE_DEBUG_INFO = NO;
				MTL_FAST_MATH = YES;
				SDKROOT = iphoneos;
				SWIFT_COMPILATION_MODE = wholemodule;
				SWIFT_OPTIMIZATION_LEVEL = "-O";
				VALIDATE_PRODUCT = YES;
			};
			name = Release;
		};
		4F770A6A2413D82A004BC9C1 /* Debug */ = {
			isa = XCBuildConfiguration;
			buildSettings = {
				ASSETCATALOG_COMPILER_APPICON_NAME = AppIcon;
				CODE_SIGN_STYLE = Automatic;
				DEVELOPMENT_TEAM = 3D23847FTP;
				INFOPLIST_FILE = ExchangeRates/Info.plist;
				IPHONEOS_DEPLOYMENT_TARGET = 12.0;
				LD_RUNPATH_SEARCH_PATHS = (
					"$(inherited)",
					"@executable_path/Frameworks",
				);
				PRODUCT_BUNDLE_IDENTIFIER = Ignaciom6.ExchangeRates;
				PRODUCT_NAME = "$(TARGET_NAME)";
				SWIFT_VERSION = 5.0;
				TARGETED_DEVICE_FAMILY = "1,2";
			};
			name = Debug;
		};
		4F770A6B2413D82A004BC9C1 /* Release */ = {
			isa = XCBuildConfiguration;
			buildSettings = {
				ASSETCATALOG_COMPILER_APPICON_NAME = AppIcon;
				CODE_SIGN_STYLE = Automatic;
				DEVELOPMENT_TEAM = 3D23847FTP;
				INFOPLIST_FILE = ExchangeRates/Info.plist;
				IPHONEOS_DEPLOYMENT_TARGET = 12.0;
				LD_RUNPATH_SEARCH_PATHS = (
					"$(inherited)",
					"@executable_path/Frameworks",
				);
				PRODUCT_BUNDLE_IDENTIFIER = Ignaciom6.ExchangeRates;
				PRODUCT_NAME = "$(TARGET_NAME)";
				SWIFT_VERSION = 5.0;
				TARGETED_DEVICE_FAMILY = "1,2";
			};
			name = Release;
		};
		4F770A6D2413D82A004BC9C1 /* Debug */ = {
			isa = XCBuildConfiguration;
			buildSettings = {
				ALWAYS_EMBED_SWIFT_STANDARD_LIBRARIES = YES;
				BUNDLE_LOADER = "$(TEST_HOST)";
				CODE_SIGN_STYLE = Automatic;
				INFOPLIST_FILE = ExchangeRatesTests/Info.plist;
				IPHONEOS_DEPLOYMENT_TARGET = 13.2;
				LD_RUNPATH_SEARCH_PATHS = (
					"$(inherited)",
					"@executable_path/Frameworks",
					"@loader_path/Frameworks",
				);
				PRODUCT_BUNDLE_IDENTIFIER = Ignaciom6.ExchangeRatesTests;
				PRODUCT_NAME = "$(TARGET_NAME)";
				SWIFT_VERSION = 5.0;
				TARGETED_DEVICE_FAMILY = "1,2";
				TEST_HOST = "$(BUILT_PRODUCTS_DIR)/ExchangeRates.app/ExchangeRates";
			};
			name = Debug;
		};
		4F770A6E2413D82A004BC9C1 /* Release */ = {
			isa = XCBuildConfiguration;
			buildSettings = {
				ALWAYS_EMBED_SWIFT_STANDARD_LIBRARIES = YES;
				BUNDLE_LOADER = "$(TEST_HOST)";
				CODE_SIGN_STYLE = Automatic;
				INFOPLIST_FILE = ExchangeRatesTests/Info.plist;
				IPHONEOS_DEPLOYMENT_TARGET = 13.2;
				LD_RUNPATH_SEARCH_PATHS = (
					"$(inherited)",
					"@executable_path/Frameworks",
					"@loader_path/Frameworks",
				);
				PRODUCT_BUNDLE_IDENTIFIER = Ignaciom6.ExchangeRatesTests;
				PRODUCT_NAME = "$(TARGET_NAME)";
				SWIFT_VERSION = 5.0;
				TARGETED_DEVICE_FAMILY = "1,2";
				TEST_HOST = "$(BUILT_PRODUCTS_DIR)/ExchangeRates.app/ExchangeRates";
			};
			name = Release;
		};
/* End XCBuildConfiguration section */

/* Begin XCConfigurationList section */
		4F770A452413D825004BC9C1 /* Build configuration list for PBXProject "ExchangeRates" */ = {
			isa = XCConfigurationList;
			buildConfigurations = (
				4F770A672413D82A004BC9C1 /* Debug */,
				4F770A682413D82A004BC9C1 /* Release */,
			);
			defaultConfigurationIsVisible = 0;
			defaultConfigurationName = Release;
		};
		4F770A692413D82A004BC9C1 /* Build configuration list for PBXNativeTarget "ExchangeRates" */ = {
			isa = XCConfigurationList;
			buildConfigurations = (
				4F770A6A2413D82A004BC9C1 /* Debug */,
				4F770A6B2413D82A004BC9C1 /* Release */,
			);
			defaultConfigurationIsVisible = 0;
			defaultConfigurationName = Release;
		};
		4F770A6C2413D82A004BC9C1 /* Build configuration list for PBXNativeTarget "ExchangeRatesTests" */ = {
			isa = XCConfigurationList;
			buildConfigurations = (
				4F770A6D2413D82A004BC9C1 /* Debug */,
				4F770A6E2413D82A004BC9C1 /* Release */,
			);
			defaultConfigurationIsVisible = 0;
			defaultConfigurationName = Release;
		};
/* End XCConfigurationList section */
	};
	rootObject = 4F770A422413D825004BC9C1 /* Project object */;
}
